
Microsoft Visual Studio Solution File, Format Version 12.00
# Visual Studio Version 16
VisualStudioVersion = 16.0.30114.105
MinimumVisualStudioVersion = 10.0.40219.1
Project("{FAE04EC0-301F-11D3-BF4B-00C04F79EFBC}") = "JsonCleanser", "JsonCleanser\JsonCleanser.csproj", "{847D1D86-51DC-44F5-9154-B87D5ECC0BB1}"
EndProject
Global
	GlobalSection(SolutionConfigurationPlatforms) = preSolution
		Debug|Any CPU = Debug|Any CPU
		Release|Any CPU = Release|Any CPU
	EndGlobalSection
	GlobalSection(SolutionProperties) = preSolution
		HideSolutionNode = FALSE
	EndGlobalSection
	GlobalSection(ProjectConfigurationPlatforms) = postSolution
		{847D1D86-51DC-44F5-9154-B87D5ECC0BB1}.Debug|Any CPU.ActiveCfg = Debug|Any CPU
		{847D1D86-51DC-44F5-9154-B87D5ECC0BB1}.Debug|Any CPU.Build.0 = Debug|Any CPU
		{847D1D86-51DC-44F5-9154-B87D5ECC0BB1}.Release|Any CPU.ActiveCfg = Release|Any CPU
		{847D1D86-51DC-44F5-9154-B87D5ECC0BB1}.Release|Any CPU.Build.0 = Release|Any CPU
	EndGlobalSection
EndGlobal
